
Microsoft Visual Studio Solution File, Format Version 12.00
# Visual Studio Version 16
VisualStudioVersion = 16.0.31205.134
MinimumVisualStudioVersion = 10.0.40219.1
Project("{FAE04EC0-301F-11D3-BF4B-00C04F79EFBC}") = "ParmakiziPersonelTakip", "ParmakiziPersonelTakip\ParmakiziPersonelTakip.csproj", "{ED09C04F-1D7C-48C7-85C8-6AD4242063B4}"
EndProject
Global
	GlobalSection(SolutionConfigurationPlatforms) = preSolution
		Debug|Any CPU = Debug|Any CPU
		Release|Any CPU = Release|Any CPU
	EndGlobalSection
	GlobalSection(ProjectConfigurationPlatforms) = postSolution
		{ED09C04F-1D7C-48C7-85C8-6AD4242063B4}.Debug|Any CPU.ActiveCfg = Debug|Any CPU
		{ED09C04F-1D7C-48C7-85C8-6AD4242063B4}.Debug|Any CPU.Build.0 = Debug|Any CPU
		{ED09C04F-1D7C-48C7-85C8-6AD4242063B4}.Release|Any CPU.ActiveCfg = Release|Any CPU
		{ED09C04F-1D7C-48C7-85C8-6AD4242063B4}.Release|Any CPU.Build.0 = Release|Any CPU
	EndGlobalSection
	GlobalSection(SolutionProperties) = preSolution
		HideSolutionNode = FALSE
	EndGlobalSection
	GlobalSection(ExtensibilityGlobals) = postSolution
		SolutionGuid = {7048150C-EC76-43B2-9E8C-ADAFD44053B9}
	EndGlobalSection
EndGlobal
